// !$*UTF8*$!
{
	archiveVersion = 1;
	classes = {
	};
	objectVersion = 50;
	objects = {

/* Begin PBXBuildFile section */
		284355A324A131C4001E36C8 /* AppDelegate.swift in Sources */ = {isa = PBXBuildFile; fileRef = 284355A224A131C4001E36C8 /* AppDelegate.swift */; };
		284355A524A131C4001E36C8 /* SceneDelegate.swift in Sources */ = {isa = PBXBuildFile; fileRef = 284355A424A131C4001E36C8 /* SceneDelegate.swift */; };
		284355A724A131C4001E36C8 /* ContentView.swift in Sources */ = {isa = PBXBuildFile; fileRef = 284355A624A131C4001E36C8 /* ContentView.swift */; };
		284355A924A131C6001E36C8 /* Assets.xcassets in Resources */ = {isa = PBXBuildFile; fileRef = 284355A824A131C6001E36C8 /* Assets.xcassets */; };
		284355AC24A131C6001E36C8 /* Preview Assets.xcassets in Resources */ = {isa = PBXBuildFile; fileRef = 284355AB24A131C6001E36C8 /* Preview Assets.xcassets */; };
		284355AF24A131C6001E36C8 /* LaunchScreen.storyboard in Resources */ = {isa = PBXBuildFile; fileRef = 284355AD24A131C6001E36C8 /* LaunchScreen.storyboard */; };
		95C6B27528A47F6700F51BAA /* DataModel.swift in Sources */ = {isa = PBXBuildFile; fileRef = 95C6B27428A47F6700F51BAA /* DataModel.swift */; };
		95C6B27728A47FBD00F51BAA /* GlobalObject.swift in Sources */ = {isa = PBXBuildFile; fileRef = 95C6B27628A47FBD00F51BAA /* GlobalObject.swift */; };
/* End PBXBuildFile section */

/* Begin PBXFileReference section */
		2843559F24A131C4001E36C8 /* ModelDataSwiftUI.app */ = {isa = PBXFileReference; explicitFileType = wrapper.application; includeInIndex = 0; path = ModelDataSwiftUI.app; sourceTree = BUILT_PRODUCTS_DIR; };
		284355A224A131C4001E36C8 /* AppDelegate.swift */ = {isa = PBXFileReference; lastKnownFileType = sourcecode.swift; path = AppDelegate.swift; sourceTree = "<group>"; };
		284355A424A131C4001E36C8 /* SceneDelegate.swift */ = {isa = PBXFileReference; lastKnownFileType = sourcecode.swift; path = SceneDelegate.swift; sourceTree = "<group>"; };
		284355A624A131C4001E36C8 /* ContentView.swift */ = {isa = PBXFileReference; lastKnownFileType = sourcecode.swift; path = ContentView.swift; sourceTree = "<group>"; };
		284355A824A131C6001E36C8 /* Assets.xcassets */ = {isa = PBXFileReference; lastKnownFileType = folder.assetcatalog; path = Assets.xcassets; sourceTree = "<group>"; };
		284355AB24A131C6001E36C8 /* Preview Assets.xcassets */ = {isa = PBXFileReference; lastKnownFileType = folder.assetcatalog; path = "Preview Assets.xcassets"; sourceTree = "<group>"; };
		284355AE24A131C6001E36C8 /* Base */ = {isa = PBXFileReference; lastKnownFileType = file.storyboard; name = Base; path = Base.lproj/LaunchScreen.storyboard; sourceTree = "<group>"; };
		284355B024A131C6001E36C8 /* Info.plist */ = {isa = PBXFileReference; lastKnownFileType = text.plist.xml; path = Info.plist; sourceTree = "<group>"; };
		95C6B27428A47F6700F51BAA /* DataModel.swift */ = {isa = PBXFileReference; lastKnownFileType = sourcecode.swift; path = DataModel.swift; sourceTree = "<group>"; };
		95C6B27628A47FBD00F51BAA /* GlobalObject.swift */ = {isa = PBXFileReference; lastKnownFileType = sourcecode.swift; path = GlobalObject.swift; sourceTree = "<group>"; };
/* End PBXFileReference section */

/* Begin PBXFrameworksBuildPhase section */
		2843559C24A131C4001E36C8 /* Frameworks */ = {
			isa = PBXFrameworksBuildPhase;
			buildActionMask = 2147483647;
			files = (
			);
			runOnlyForDeploymentPostprocessing = 0;
		};
/* End PBXFrameworksBuildPhase section */

/* Begin PBXGroup section */
		2843559624A131C3001E36C8 = {
			isa = PBXGroup;
			children = (
				284355A124A131C4001E36C8 /* ModelDataSwiftUI */,
				284355A024A131C4001E36C8 /* Products */,
			);
			sourceTree = "<group>";
		};
		284355A024A131C4001E36C8 /* Products */ = {
			isa = PBXGroup;
			children = (
				2843559F24A131C4001E36C8 /* ModelDataSwiftUI.app */,
			);
			name = Products;
			sourceTree = "<group>";
		};
		284355A124A131C4001E36C8 /* ModelDataSwiftUI */ = {
			isa = PBXGroup;
			children = (
				284355A224A131C4001E36C8 /* AppDelegate.swift */,
				284355A424A131C4001E36C8 /* SceneDelegate.swift */,
				284355A624A131C4001E36C8 /* ContentView.swift */,
				284355A824A131C6001E36C8 /* Assets.xcassets */,
				284355AD24A131C6001E36C8 /* LaunchScreen.storyboard */,
				284355B024A131C6001E36C8 /* Info.plist */,
				284355AA24A131C6001E36C8 /* Preview Content */,
				95C6B27428A47F6700F51BAA /* DataModel.swift */,
				95C6B27628A47FBD00F51BAA /* GlobalObject.swift */,
			);
			path = ModelDataSwiftUI;
			sourceTree = "<group>";
		};
		284355AA24A131C6001E36C8 /* Preview Content */ = {
			isa = PBXGroup;
			children = (
				284355AB24A131C6001E36C8 /* Preview Assets.xcassets */,
			);
			path = "Preview Content";
			sourceTree = "<group>";
		};
/* End PBXGroup section */

/* Begin PBXNativeTarget section */
		2843559E24A131C4001E36C8 /* ModelDataSwiftUI */ = {
			isa = PBXNativeTarget;
			buildConfigurationList = 284355B324A131C6001E36C8 /* Build configuration list for PBXNativeTarget "ModelDataSwiftUI" */;
			buildPhases = (
				2843559B24A131C4001E36C8 /* Sources */,
				2843559C24A131C4001E36C8 /* Frameworks */,
				2843559D24A131C4001E36C8 /* Resources */,
			);
			buildRules = (
			);
			dependencies = (
			);
			name = ModelDataSwiftUI;
			productName = ModelDataSwiftUI;
			productReference = 2843559F24A131C4001E36C8 /* ModelDataSwiftUI.app */;
			productType = "com.apple.product-type.application";
		};
/* End PBXNativeTarget section */

/* Begin PBXProject section */
		2843559724A131C3001E36C8 /* Project object */ = {
			isa = PBXProject;
			attributes = {
				LastSwiftUpdateCheck = 1130;
				LastUpgradeCheck = 1130;
				ORGANIZATIONNAME = "Banyu Center";
				TargetAttributes = {
					2843559E24A131C4001E36C8 = {
						CreatedOnToolsVersion = 11.3.1;
					};
				};
			};
			buildConfigurationList = 2843559A24A131C3001E36C8 /* Build configuration list for PBXProject "ModelDataSwiftUI" */;
			compatibilityVersion = "Xcode 9.3";
			developmentRegion = en;
			hasScannedForEncodings = 0;
			knownRegions = (
				en,
				Base,
			);
			mainGroup = 2843559624A131C3001E36C8;
			productRefGroup = 284355A024A131C4001E36C8 /* Products */;
			projectDirPath = "";
			projectRoot = "";
			targets = (
				2843559E24A131C4001E36C8 /* ModelDataSwiftUI */,
			);
		};
/* End PBXProject section */

/* Begin PBXResourcesBuildPhase section */
		2843559D24A131C4001E36C8 /* Resources */ = {
			isa = PBXResourcesBuildPhase;
			buildActionMask = 2147483647;
			files = (
				284355AF24A131C6001E36C8 /* LaunchScreen.storyboard in Resources */,
				284355AC24A131C6001E36C8 /* Preview Assets.xcassets in Resources */,
				284355A924A131C6001E36C8 /* Assets.xcassets in Resources */,
			);
			runOnlyForDeploymentPostprocessing = 0;
		};
/* End PBXResourcesBuildPhase section */

/* Begin PBXSourcesBuildPhase section */
		2843559B24A131C4001E36C8 /* Sources */ = {
			isa = PBXSourcesBuildPhase;
			buildActionMask = 2147483647;
			files = (
				95C6B27728A47FBD00F51BAA /* GlobalObject.swift in Sources */,
				284355A324A131C4001E36C8 /* AppDelegate.swift in Sources */,
				95C6B27528A47F6700F51BAA /* DataModel.swift in Sources */,
				284355A524A131C4001E36C8 /* SceneDelegate.swift in Sources */,
				284355A724A131C4001E36C8 /* ContentView.swift in Sources */,
			);
			runOnlyForDeploymentPostprocessing = 0;
		};
/* End PBXSourcesBuildPhase section */

/* Begin PBXVariantGroup section */
		284355AD24A131C6001E36C8 /* LaunchScreen.storyboard */ = {
			isa = PBXVariantGroup;
			children = (
				284355AE24A131C6001E36C8 /* Base */,
			);
			name = LaunchScreen.storyboard;
			sourceTree = "<group>";
		};
/* End PBXVariantGroup section */

/* Begin XCBuildConfiguration section */
		284355B124A131C6001E36C8 /* Debug */ = {
			isa = XCBuildConfiguration;
			buildSettings = {
				ALWAYS_SEARCH_USER_PATHS = NO;
				CLANG_ANALYZER_NONNULL = YES;
				CLANG_ANALYZER_NUMBER_OBJECT_CONVERSION = YES_AGGRESSIVE;
				CLANG_CXX_LANGUAGE_STANDARD = "gnu++14";
				CLANG_CXX_LIBRARY = "libc++";
				CLANG_ENABLE_MODULES = YES;
				CLANG_ENABLE_OBJC_ARC = YES;
				CLANG_ENABLE_OBJC_WEAK = YES;
				CLANG_WARN_BLOCK_CAPTURE_AUTORELEASING = YES;
				CLANG_WARN_BOOL_CONVERSION = YES;
				CLANG_WARN_COMMA = YES;
				CLANG_WARN_CONSTANT_CONVERSION = YES;
				CLANG_WARN_DEPRECATED_OBJC_IMPLEMENTATIONS = YES;
				CLANG_WARN_DIRECT_OBJC_ISA_USAGE = YES_ERROR;
				CLANG_WARN_DOCUMENTATION_COMMENTS = YES;
				CLANG_WARN_EMPTY_BODY = YES;
				CLANG_WARN_ENUM_CONVERSION = YES;
				CLANG_WARN_INFINITE_RECURSION = YES;
				CLANG_WARN_INT_CONVERSION = YES;
				CLANG_WARN_NON_LITERAL_NULL_CONVERSION = YES;
				CLANG_WARN_OBJC_IMPLICIT_RETAIN_SELF = YES;
				CLANG_WARN_OBJC_LITERAL_CONVERSION = YES;
				CLANG_WARN_OBJC_ROOT_CLASS = YES_ERROR;
				CLANG_WARN_RANGE_LOOP_ANALYSIS = YES;
				CLANG_WARN_STRICT_PROTOTYPES = YES;
				CLANG_WARN_SUSPICIOUS_MOVE = YES;
				CLANG_WARN_UNGUARDED_AVAILABILITY = YES_AGGRESSIVE;
				CLANG_WARN_UNREACHABLE_CODE = YES;
				CLANG_WARN__DUPLICATE_METHOD_MATCH = YES;
				COPY_PHASE_STRIP = NO;
				DEBUG_INFORMATION_FORMAT = dwarf;
				ENABLE_STRICT_OBJC_MSGSEND = YES;
				ENABLE_TESTABILITY = YES;
				GCC_C_LANGUAGE_STANDARD = gnu11;
				GCC_DYNAMIC_NO_PIC = NO;
				GCC_NO_COMMON_BLOCKS = YES;
				GCC_OPTIMIZATION_LEVEL = 0;
				GCC_PREPROCESSOR_DEFINITIONS = (
					"DEBUG=1",
					"$(inherited)",
				);
				GCC_WARN_64_TO_32_BIT_CONVERSION = YES;
				GCC_WARN_ABOUT_RETURN_TYPE = YES_ERROR;
				GCC_WARN_UNDECLARED_SELECTOR = YES;
				GCC_WARN_UNINITIALIZED_AUTOS = YES_AGGRESSIVE;
				GCC_WARN_UNUSED_FUNCTION = YES;
				GCC_WARN_UNUSED_VARIABLE = YES;
				IPHONEOS_DEPLOYMENT_TARGET = 13.2;
				MTL_ENABLE_DEBUG_INFO = INCLUDE_SOURCE;
				MTL_FAST_MATH = YES;
				ONLY_ACTIVE_ARCH = YES;
				SDKROOT = iphoneos;
				SWIFT_ACTIVE_COMPILATION_CONDITIONS = DEBUG;
				SWIFT_OPTIMIZATION_LEVEL = "-Onone";
			};
			name = Debug;
		};
		284355B224A131C6001E36C8 /* Release */ = {
			isa = XCBuildConfiguration;
			buildSettings = {
				ALWAYS_SEARCH_USER_PATHS = NO;
				CLANG_ANALYZER_NONNULL = YES;
				CLANG_ANALYZER_NUMBER_OBJECT_CONVERSION = YES_AGGRESSIVE;
				CLANG_CXX_LANGUAGE_STANDARD = "gnu++14";
				CLANG_CXX_LIBRARY = "libc++";
				CLANG_ENABLE_MODULES = YES;
				CLANG_ENABLE_OBJC_ARC = YES;
				CLANG_ENABLE_OBJC_WEAK = YES;
				CLANG_WARN_BLOCK_CAPTURE_AUTORELEASING = YES;
				CLANG_WARN_BOOL_CONVERSION = YES;
				CLANG_WARN_COMMA = YES;
				CLANG_WARN_CONSTANT_CONVERSION = YES;
				CLANG_WARN_DEPRECATED_OBJC_IMPLEMENTATIONS = YES;
				CLANG_WARN_DIRECT_OBJC_ISA_USAGE = YES_ERROR;
				CLANG_WARN_DOCUMENTATION_COMMENTS = YES;
				CLANG_WARN_EMPTY_BODY = YES;
				CLANG_WARN_ENUM_CONVERSION = YES;
				CLANG_WARN_INFINITE_RECURSION = YES;
				CLANG_WARN_INT_CONVERSION = YES;
				CLANG_WARN_NON_LITERAL_NULL_CONVERSION = YES;
				CLANG_WARN_OBJC_IMPLICIT_RETAIN_SELF = YES;
				CLANG_WARN_OBJC_LITERAL_CONVERSION = YES;
				CLANG_WARN_OBJC_ROOT_CLASS = YES_ERROR;
				CLANG_WARN_RANGE_LOOP_ANALYSIS = YES;
				CLANG_WARN_STRICT_PROTOTYPES = YES;
				CLANG_WARN_SUSPICIOUS_MOVE = YES;
				CLANG_WARN_UNGUARDED_AVAILABILITY = YES_AGGRESSIVE;
				CLANG_WARN_UNREACHABLE_CODE = YES;
				CLANG_WARN__DUPLICATE_METHOD_MATCH = YES;
				COPY_PHASE_STRIP = NO;
				DEBUG_INFORMATION_FORMAT = "dwarf-with-dsym";
				ENABLE_NS_ASSERTIONS = NO;
				ENABLE_STRICT_OBJC_MSGSEND = YES;
				GCC_C_LANGUAGE_STANDARD = gnu11;
				GCC_NO_COMMON_BLOCKS = YES;
				GCC_WARN_64_TO_32_BIT_CONVERSION = YES;
				GCC_WARN_ABOUT_RETURN_TYPE = YES_ERROR;
				GCC_WARN_UNDECLARED_SELECTOR = YES;
				GCC_WARN_UNINITIALIZED_AUTOS = YES_AGGRESSIVE;
				GCC_WARN_UNUSED_FUNCTION = YES;
				GCC_WARN_UNUSED_VARIABLE = YES;
				IPHONEOS_DEPLOYMENT_TARGET = 13.2;
				MTL_ENABLE_DEBUG_INFO = NO;
				MTL_FAST_MATH = YES;
				SDKROOT = iphoneos;
				SWIFT_COMPILATION_MODE = wholemodule;
				SWIFT_OPTIMIZATION_LEVEL = "-O";
				VALIDATE_PRODUCT = YES;
			};
			name = Release;
		};
		284355B424A131C6001E36C8 /* Debug */ = {
			isa = XCBuildConfiguration;
			buildSettings = {
				ASSETCATALOG_COMPILER_APPICON_NAME = AppIcon;
				CODE_SIGN_STYLE = Automatic;
				DEVELOPMENT_ASSET_PATHS = "\"ModelDataSwiftUI/Preview Content\"";
				DEVELOPMENT_TEAM = MD6F3HKY93;
				ENABLE_PREVIEWS = YES;
				INFOPLIST_FILE = ModelDataSwiftUI/Info.plist;
				LD_RUNPATH_SEARCH_PATHS = (
					"$(inherited)",
					"@executable_path/Frameworks",
				);
				PRODUCT_BUNDLE_IDENTIFIER = com.banyucenter.ModelDataSwiftUI;
				PRODUCT_NAME = "$(TARGET_NAME)";
				SWIFT_VERSION = 5.0;
				TARGETED_DEVICE_FAMILY = "1,2";
			};
			name = Debug;
		};
		284355B524A131C6001E36C8 /* Release */ = {
			isa = XCBuildConfiguration;
			buildSettings = {
				ASSETCATALOG_COMPILER_APPICON_NAME = AppIcon;
				CODE_SIGN_STYLE = Automatic;
				DEVELOPMENT_ASSET_PATHS = "\"ModelDataSwiftUI/Preview Content\"";
				DEVELOPMENT_TEAM = MD6F3HKY93;
				ENABLE_PREVIEWS = YES;
				INFOPLIST_FILE = ModelDataSwiftUI/Info.plist;
				LD_RUNPATH_SEARCH_PATHS = (
					"$(inherited)",
					"@executable_path/Frameworks",
				);
				PRODUCT_BUNDLE_IDENTIFIER = com.banyucenter.ModelDataSwiftUI;
				PRODUCT_NAME = "$(TARGET_NAME)";
				SWIFT_VERSION = 5.0;
				TARGETED_DEVICE_FAMILY = "1,2";
			};
			name = Release;
		};
/* End XCBuildConfiguration section */

/* Begin XCConfigurationList section */
		2843559A24A131C3001E36C8 /* Build configuration list for PBXProject "ModelDataSwiftUI" */ = {
			isa = XCConfigurationList;
			buildConfigurations = (
				284355B124A131C6001E36C8 /* Debug */,
				284355B224A131C6001E36C8 /* Release */,
			);
			defaultConfigurationIsVisible = 0;
			defaultConfigurationName = Release;
		};
		284355B324A131C6001E36C8 /* Build configuration list for PBXNativeTarget "ModelDataSwiftUI" */ = {
			isa = XCConfigurationList;
			buildConfigurations = (
				284355B424A131C6001E36C8 /* Debug */,
				284355B524A131C6001E36C8 /* Release */,
			);
			defaultConfigurationIsVisible = 0;
			defaultConfigurationName = Release;
		};
/* End XCConfigurationList section */
	};
	rootObject = 2843559724A131C3001E36C8 /* Project object */;
}
